PODS:
  - HBNotificationView (1.1)

DEPENDENCIES:
  - HBNotificationView

SPEC REPOS:
  https://github.com/cocoapods/specs.git:
    - HBNotificationView

SPEC CHECKSUMS:
  HBNotificationView: 793ec1fbd95c293101e2b21928d61048a2471990

PODFILE CHECKSUM: e224a24e576aaec31b678875a10fa042ed6bcd32

COCOAPODS: 1.6.1
